# THIS IS AN AUTOGENERATED FILE. DO NOT EDIT THIS FILE DIRECTLY.
# yarn lockfile v1


camelcase@^1.2.1:
  version "1.2.1"
  resolved "https://registry.yarnpkg.com/camelcase/-/camelcase-1.2.1.tgz#9bb5304d2e0b56698b2c758b08a3eaa9daa58a39"

core-js@^2.4.1:
  version "2.4.1"
  resolved "https://registry.yarnpkg.com/core-js/-/core-js-2.4.1.tgz#4de911e667b0eae9124e34254b53aea6fc618d3e"

highlight.js@^9.7.0:
  version "9.9.0"
  resolved "https://registry.yarnpkg.com/highlight.js/-/highlight.js-9.9.0.tgz#b9995dcfdc2773e307a34f0460d92b9a474782c0"

normalize.css@^5.0.0:
  version "5.0.0"
  resolved "https://registry.yarnpkg.com/normalize.css/-/normalize.css-5.0.0.tgz#7cec875ce8178a5333c4de80b68ea9c18b9d7c37"

uppercamelcase@^1.1.0:
  version "1.1.0"
  resolved "https://registry.yarnpkg.com/uppercamelcase/-/uppercamelcase-1.1.0.tgz#324d98a6b3afc7e8a8953e10641509b0e4e23f97"
  dependencies:
    camelcase "^1.2.1"

vue-amap@^0.0.8:
  version "0.0.8"
  resolved "https://registry.yarnpkg.com/vue-amap/-/vue-amap-0.0.8.tgz#6c4d69afeb476365af36612ff93e89a184da3ea3"
  dependencies:
    core-js "^2.4.1"
    highlight.js "^9.7.0"
    normalize.css "^5.0.0"
    uppercamelcase "^1.1.0"
    vue "^2.1.3"
    vue-router "^2.0.3"

vue-router@^2.0.3:
  version "2.1.1"
  resolved "https://registry.yarnpkg.com/vue-router/-/vue-router-2.1.1.tgz#10c31bbdcb6da92bd3e0223fa12345e73018625a"

vue@^2.1.3:
  version "2.1.8"
  resolved "https://registry.yarnpkg.com/vue/-/vue-2.1.8.tgz#ae30aa86024fccf5535292ce414e7b4c221a1756"
